
Microsoft Visual Studio Solution File, Format Version 12.00
# Visual Studio Version 17
VisualStudioVersion = 17.5.33424.131
MinimumVisualStudioVersion = 10.0.40219.1
Project("{FAE04EC0-301F-11D3-BF4B-00C04F79EFBC}") = "OksTrainingLibrary", "OksTrainingLibrary\OksTrainingLibrary.csproj", "{9E99001B-D8AA-4DDA-800C-BB527ED74FBC}"
EndProject
Global
	GlobalSection(SolutionConfigurationPlatforms) = preSolution
		Debug|Any CPU = Debug|Any CPU
		Release|Any CPU = Release|Any CPU
	EndGlobalSection
	GlobalSection(ProjectConfigurationPlatforms) = postSolution
		{9E99001B-D8AA-4DDA-800C-BB527ED74FBC}.Debug|Any CPU.ActiveCfg = Debug|Any CPU
		{9E99001B-D8AA-4DDA-800C-BB527ED74FBC}.Debug|Any CPU.Build.0 = Debug|Any CPU
		{9E99001B-D8AA-4DDA-800C-BB527ED74FBC}.Release|Any CPU.ActiveCfg = Release|Any CPU
		{9E99001B-D8AA-4DDA-800C-BB527ED74FBC}.Release|Any CPU.Build.0 = Release|Any CPU
	EndGlobalSection
	GlobalSection(SolutionProperties) = preSolution
		HideSolutionNode = FALSE
	EndGlobalSection
	GlobalSection(ExtensibilityGlobals) = postSolution
		SolutionGuid = {6A994E7C-6577-4ECF-8A05-573CA3B73CD3}
	EndGlobalSection
EndGlobal
